
Microsoft Visual Studio Solution File, Format Version 12.00
# Visual Studio 15
VisualStudioVersion = 15.0.27130.2027
MinimumVisualStudioVersion = 10.0.40219.1
Project("{FAE04EC0-301F-11D3-BF4B-00C04F79EFBC}") = "20180213_Exercise_Defining_Classes", "20180213_Exercise_Defining_Classes\20180213_Exercise_Defining_Classes.csproj", "{1BDF7974-E4E8-4067-B9BF-A2DB34A97640}"
EndProject
Project("{FAE04EC0-301F-11D3-BF4B-00C04F79EFBC}") = "01.Define_a_Class_Person", "01.Define_a_Class_Person\01.Define_a_Class_Person.csproj", "{B48F1DD4-24B2-4590-A870-6CD02327F8B6}"
EndProject
Project("{FAE04EC0-301F-11D3-BF4B-00C04F79EFBC}") = "02.Creating_Constructors", "02.Creating_Constructors\02.Creating_Constructors.csproj", "{201452FE-DFB7-4DD8-AE1A-A11D95E18E2B}"
EndProject
Global
	GlobalSection(SolutionConfigurationPlatforms) = preSolution
		Debug|Any CPU = Debug|Any CPU
		Release|Any CPU = Release|Any CPU
	EndGlobalSection
	GlobalSection(ProjectConfigurationPlatforms) = postSolution
		{1BDF7974-E4E8-4067-B9BF-A2DB34A97640}.Debug|Any CPU.ActiveCfg = Debug|Any CPU
		{1BDF7974-E4E8-4067-B9BF-A2DB34A97640}.Debug|Any CPU.Build.0 = Debug|Any CPU
		{1BDF7974-E4E8-4067-B9BF-A2DB34A97640}.Release|Any CPU.ActiveCfg = Release|Any CPU
		{1BDF7974-E4E8-4067-B9BF-A2DB34A97640}.Release|Any CPU.Build.0 = Release|Any CPU
		{B48F1DD4-24B2-4590-A870-6CD02327F8B6}.Debug|Any CPU.ActiveCfg = Debug|Any CPU
		{B48F1DD4-24B2-4590-A870-6CD02327F8B6}.Debug|Any CPU.Build.0 = Debug|Any CPU
		{B48F1DD4-24B2-4590-A870-6CD02327F8B6}.Release|Any CPU.ActiveCfg = Release|Any CPU
		{B48F1DD4-24B2-4590-A870-6CD02327F8B6}.Release|Any CPU.Build.0 = Release|Any CPU
		{201452FE-DFB7-4DD8-AE1A-A11D95E18E2B}.Debug|Any CPU.ActiveCfg = Debug|Any CPU
		{201452FE-DFB7-4DD8-AE1A-A11D95E18E2B}.Debug|Any CPU.Build.0 = Debug|Any CPU
		{201452FE-DFB7-4DD8-AE1A-A11D95E18E2B}.Release|Any CPU.ActiveCfg = Release|Any CPU
		{201452FE-DFB7-4DD8-AE1A-A11D95E18E2B}.Release|Any CPU.Build.0 = Release|Any CPU
	EndGlobalSection
	GlobalSection(SolutionProperties) = preSolution
		HideSolutionNode = FALSE
	EndGlobalSection
	GlobalSection(ExtensibilityGlobals) = postSolution
		SolutionGuid = {083B9F32-9A1E-42DD-951C-3B8FA352212A}
	EndGlobalSection
EndGlobal
